
Microsoft Visual Studio Solution File, Format Version 12.00
# Visual Studio Version 16
VisualStudioVersion = 16.0.30011.22
MinimumVisualStudioVersion = 10.0.40219.1
Project("{FAE04EC0-301F-11D3-BF4B-00C04F79EFBC}") = "ExtendedSample.UWP", "ExtendedSample\ExtendedSample.UWP\ExtendedSample.UWP.csproj", "{920FEF5C-17AF-4CFF-A66E-62E9AC19482A}"
EndProject
Project("{FAE04EC0-301F-11D3-BF4B-00C04F79EFBC}") = "ExtendedSample.Android", "ExtendedSample\ExtendedSample.Android\ExtendedSample.Android.csproj", "{10FAB6EA-9ECB-4BBD-8CF4-E5040E81F0D5}"
EndProject
Project("{FAE04EC0-301F-11D3-BF4B-00C04F79EFBC}") = "ExtendedSample.iOS", "ExtendedSample\ExtendedSample.iOS\ExtendedSample.iOS.csproj", "{2CF37E0B-3066-4870-8B53-B5BEC4FD2376}"
EndProject
Project("{FAE04EC0-301F-11D3-BF4B-00C04F79EFBC}") = "ExtendedSample", "ExtendedSample\ExtendedSample\ExtendedSample.csproj", "{D591DB8F-01BE-483D-9407-312E2F232758}"
EndProject
Global
	GlobalSection(SolutionConfigurationPlatforms) = preSolution
		Debug|Any CPU = Debug|Any CPU
		Debug|ARM = Debug|ARM
		Debug|iPhone = Debug|iPhone
		Debug|iPhoneSimulator = Debug|iPhoneSimulator
		Debug|x64 = Debug|x64
		Debug|x86 = Debug|x86
		Release|Any CPU = Release|Any CPU
		Release|ARM = Release|ARM
		Release|iPhone = Release|iPhone
		Release|iPhoneSimulator = Release|iPhoneSimulator
		Release|x64 = Release|x64
		Release|x86 = Release|x86
	EndGlobalSection
	GlobalSection(ProjectConfigurationPlatforms) = postSolution
		{920FEF5C-17AF-4CFF-A66E-62E9AC19482A}.Debug|Any CPU.ActiveCfg = Debug|x86
		{920FEF5C-17AF-4CFF-A66E-62E9AC19482A}.Debug|Any CPU.Build.0 = Debug|x86
		{920FEF5C-17AF-4CFF-A66E-62E9AC19482A}.Debug|Any CPU.Deploy.0 = Debug|x86
		{920FEF5C-17AF-4CFF-A66E-62E9AC19482A}.Debug|ARM.ActiveCfg = Debug|ARM
		{920FEF5C-17AF-4CFF-A66E-62E9AC19482A}.Debug|ARM.Build.0 = Debug|ARM
		{920FEF5C-17AF-4CFF-A66E-62E9AC19482A}.Debug|ARM.Deploy.0 = Debug|ARM
		{920FEF5C-17AF-4CFF-A66E-62E9AC19482A}.Debug|iPhone.ActiveCfg = Debug|x86
		{920FEF5C-17AF-4CFF-A66E-62E9AC19482A}.Debug|iPhone.Build.0 = Debug|x86
		{920FEF5C-17AF-4CFF-A66E-62E9AC19482A}.Debug|iPhone.Deploy.0 = Debug|x86
		{920FEF5C-17AF-4CFF-A66E-62E9AC19482A}.Debug|iPhoneSimulator.ActiveCfg = Debug|x86
		{920FEF5C-17AF-4CFF-A66E-62E9AC19482A}.Debug|iPhoneSimulator.Build.0 = Debug|x86
		{920FEF5C-17AF-4CFF-A66E-62E9AC19482A}.Debug|iPhoneSimulator.Deploy.0 = Debug|x86
		{920FEF5C-17AF-4CFF-A66E-62E9AC19482A}.Debug|x64.ActiveCfg = Debug|x64
		{920FEF5C-17AF-4CFF-A66E-62E9AC19482A}.Debug|x64.Build.0 = Debug|x64
		{920FEF5C-17AF-4CFF-A66E-62E9AC19482A}.Debug|x64.Deploy.0 = Debug|x64
		{920FEF5C-17AF-4CFF-A66E-62E9AC19482A}.Debug|x86.ActiveCfg = Debug|x86
		{920FEF5C-17AF-4CFF-A66E-62E9AC19482A}.Debug|x86.Build.0 = Debug|x86
		{920FEF5C-17AF-4CFF-A66E-62E9AC19482A}.Debug|x86.Deploy.0 = Debug|x86
		{920FEF5C-17AF-4CFF-A66E-62E9AC19482A}.Release|Any CPU.ActiveCfg = Release|x86
		{920FEF5C-17AF-4CFF-A66E-62E9AC19482A}.Release|Any CPU.Build.0 = Release|x86
		{920FEF5C-17AF-4CFF-A66E-62E9AC19482A}.Release|Any CPU.Deploy.0 = Release|x86
		{920FEF5C-17AF-4CFF-A66E-62E9AC19482A}.Release|ARM.ActiveCfg = Release|ARM
		{920FEF5C-17AF-4CFF-A66E-62E9AC19482A}.Release|ARM.Build.0 = Release|ARM
		{920FEF5C-17AF-4CFF-A66E-62E9AC19482A}.Release|ARM.Deploy.0 = Release|ARM
		{920FEF5C-17AF-4CFF-A66E-62E9AC19482A}.Release|iPhone.ActiveCfg = Release|x86
		{920FEF5C-17AF-4CFF-A66E-62E9AC19482A}.Release|iPhone.Build.0 = Release|x86
		{920FEF5C-17AF-4CFF-A66E-62E9AC19482A}.Release|iPhone.Deploy.0 = Release|x86
		{920FEF5C-17AF-4CFF-A66E-62E9AC19482A}.Release|iPhoneSimulator.ActiveCfg = Release|x86
		{920FEF5C-17AF-4CFF-A66E-62E9AC19482A}.Release|iPhoneSimulator.Build.0 = Release|x86
		{920FEF5C-17AF-4CFF-A66E-62E9AC19482A}.Release|iPhoneSimulator.Deploy.0 = Release|x86
		{920FEF5C-17AF-4CFF-A66E-62E9AC19482A}.Release|x64.ActiveCfg = Release|x64
		{920FEF5C-17AF-4CFF-A66E-62E9AC19482A}.Release|x64.Build.0 = Release|x64
		{920FEF5C-17AF-4CFF-A66E-62E9AC19482A}.Release|x64.Deploy.0 = Release|x64
		{920FEF5C-17AF-4CFF-A66E-62E9AC19482A}.Release|x86.ActiveCfg = Release|x86
		{920FEF5C-17AF-4CFF-A66E-62E9AC19482A}.Release|x86.Build.0 = Release|x86
		{920FEF5C-17AF-4CFF-A66E-62E9AC19482A}.Release|x86.Deploy.0 = Release|x86
		{10FAB6EA-9ECB-4BBD-8CF4-E5040E81F0D5}.Debug|Any CPU.ActiveCfg = Debug|Any CPU
		{10FAB6EA-9ECB-4BBD-8CF4-E5040E81F0D5}.Debug|Any CPU.Build.0 = Debug|Any CPU
		{10FAB6EA-9ECB-4BBD-8CF4-E5040E81F0D5}.Debug|Any CPU.Deploy.0 = Debug|Any CPU
		{10FAB6EA-9ECB-4BBD-8CF4-E5040E81F0D5}.Debug|ARM.ActiveCfg = Debug|Any CPU
		{10FAB6EA-9ECB-4BBD-8CF4-E5040E81F0D5}.Debug|ARM.Build.0 = Debug|Any CPU
		{10FAB6EA-9ECB-4BBD-8CF4-E5040E81F0D5}.Debug|ARM.Deploy.0 = Debug|Any CPU
		{10FAB6EA-9ECB-4BBD-8CF4-E5040E81F0D5}.Debug|iPhone.ActiveCfg = Debug|Any CPU
		{10FAB6EA-9ECB-4BBD-8CF4-E5040E81F0D5}.Debug|iPhone.Build.0 = Debug|Any CPU
		{10FAB6EA-9ECB-4BBD-8CF4-E5040E81F0D5}.Debug|iPhone.Deploy.0 = Debug|Any CPU
		{10FAB6EA-9ECB-4BBD-8CF4-E5040E81F0D5}.Debug|iPhoneSimulator.ActiveCfg = Debug|Any CPU
		{10FAB6EA-9ECB-4BBD-8CF4-E5040E81F0D5}.Debug|iPhoneSimulator.Build.0 = Debug|Any CPU
		{10FAB6EA-9ECB-4BBD-8CF4-E5040E81F0D5}.Debug|iPhoneSimulator.Deploy.0 = Debug|Any CPU
		{10FAB6EA-9ECB-4BBD-8CF4-E5040E81F0D5}.Debug|x64.ActiveCfg = Debug|Any CPU
		{10FAB6EA-9ECB-4BBD-8CF4-E5040E81F0D5}.Debug|x64.Build.0 = Debug|Any CPU
		{10FAB6EA-9ECB-4BBD-8CF4-E5040E81F0D5}.Debug|x64.Deploy.0 = Debug|Any CPU
		{10FAB6EA-9ECB-4BBD-8CF4-E5040E81F0D5}.Debug|x86.ActiveCfg = Debug|Any CPU
		{10FAB6EA-9ECB-4BBD-8CF4-E5040E81F0D5}.Debug|x86.Build.0 = Debug|Any CPU
		{10FAB6EA-9ECB-4BBD-8CF4-E5040E81F0D5}.Debug|x86.Deploy.0 = Debug|Any CPU
		{10FAB6EA-9ECB-4BBD-8CF4-E5040E81F0D5}.Release|Any CPU.ActiveCfg = Release|Any CPU
		{10FAB6EA-9ECB-4BBD-8CF4-E5040E81F0D5}.Release|Any CPU.Build.0 = Release|Any CPU
		{10FAB6EA-9ECB-4BBD-8CF4-E5040E81F0D5}.Release|Any CPU.Deploy.0 = Release|Any CPU
		{10FAB6EA-9ECB-4BBD-8CF4-E5040E81F0D5}.Release|ARM.ActiveCfg = Release|Any CPU
		{10FAB6EA-9ECB-4BBD-8CF4-E5040E81F0D5}.Release|ARM.Build.0 = Release|Any CPU
		{10FAB6EA-9ECB-4BBD-8CF4-E5040E81F0D5}.Release|ARM.Deploy.0 = Release|Any CPU
		{10FAB6EA-9ECB-4BBD-8CF4-E5040E81F0D5}.Release|iPhone.ActiveCfg = Release|Any CPU
		{10FAB6EA-9ECB-4BBD-8CF4-E5040E81F0D5}.Release|iPhone.Build.0 = Release|Any CPU
		{10FAB6EA-9ECB-4BBD-8CF4-E5040E81F0D5}.Release|iPhone.Deploy.0 = Release|Any CPU
		{10FAB6EA-9ECB-4BBD-8CF4-E5040E81F0D5}.Release|iPhoneSimulator.ActiveCfg = Release|Any CPU
		{10FAB6EA-9ECB-4BBD-8CF4-E5040E81F0D5}.Release|iPhoneSimulator.Build.0 = Release|Any CPU
		{10FAB6EA-9ECB-4BBD-8CF4-E5040E81F0D5}.Release|iPhoneSimulator.Deploy.0 = Release|Any CPU
		{10FAB6EA-9ECB-4BBD-8CF4-E5040E81F0D5}.Release|x64.ActiveCfg = Release|Any CPU
		{10FAB6EA-9ECB-4BBD-8CF4-E5040E81F0D5}.Release|x64.Build.0 = Release|Any CPU
		{10FAB6EA-9ECB-4BBD-8CF4-E5040E81F0D5}.Release|x64.Deploy.0 = Release|Any CPU
		{10FAB6EA-9ECB-4BBD-8CF4-E5040E81F0D5}.Release|x86.ActiveCfg = Release|Any CPU
		{10FAB6EA-9ECB-4BBD-8CF4-E5040E81F0D5}.Release|x86.Build.0 = Release|Any CPU
		{10FAB6EA-9ECB-4BBD-8CF4-E5040E81F0D5}.Release|x86.Deploy.0 = Release|Any CPU
		{2CF37E0B-3066-4870-8B53-B5BEC4FD2376}.Debug|Any CPU.ActiveCfg = Debug|iPhone
		{2CF37E0B-3066-4870-8B53-B5BEC4FD2376}.Debug|Any CPU.Build.0 = Debug|iPhone
		{2CF37E0B-3066-4870-8B53-B5BEC4FD2376}.Debug|Any CPU.Deploy.0 = Debug|iPhone
		{2CF37E0B-3066-4870-8B53-B5BEC4FD2376}.Debug|ARM.ActiveCfg = Debug|iPhone
		{2CF37E0B-3066-4870-8B53-B5BEC4FD2376}.Debug|ARM.Build.0 = Debug|iPhone
		{2CF37E0B-3066-4870-8B53-B5BEC4FD2376}.Debug|ARM.Deploy.0 = Debug|iPhone
		{2CF37E0B-3066-4870-8B53-B5BEC4FD2376}.Debug|iPhone.ActiveCfg = Debug|iPhone
		{2CF37E0B-3066-4870-8B53-B5BEC4FD2376}.Debug|iPhone.Build.0 = Debug|iPhone
		{2CF37E0B-3066-4870-8B53-B5BEC4FD2376}.Debug|iPhone.Deploy.0 = Debug|iPhone
		{2CF37E0B-3066-4870-8B53-B5BEC4FD2376}.Debug|iPhoneSimulator.ActiveCfg = Debug|iPhoneSimulator
		{2CF37E0B-3066-4870-8B53-B5BEC4FD2376}.Debug|iPhoneSimulator.Build.0 = Debug|iPhoneSimulator
		{2CF37E0B-3066-4870-8B53-B5BEC4FD2376}.Debug|iPhoneSimulator.Deploy.0 = Debug|iPhoneSimulator
		{2CF37E0B-3066-4870-8B53-B5BEC4FD2376}.Debug|x64.ActiveCfg = Debug|iPhone
		{2CF37E0B-3066-4870-8B53-B5BEC4FD2376}.Debug|x64.Build.0 = Debug|iPhone
		{2CF37E0B-3066-4870-8B53-B5BEC4FD2376}.Debug|x64.Deploy.0 = Debug|iPhone
		{2CF37E0B-3066-4870-8B53-B5BEC4FD2376}.Debug|x86.ActiveCfg = Debug|iPhone
		{2CF37E0B-3066-4870-8B53-B5BEC4FD2376}.Debug|x86.Build.0 = Debug|iPhone
		{2CF37E0B-3066-4870-8B53-B5BEC4FD2376}.Debug|x86.Deploy.0 = Debug|iPhone
		{2CF37E0B-3066-4870-8B53-B5BEC4FD2376}.Release|Any CPU.ActiveCfg = Release|iPhone
		{2CF37E0B-3066-4870-8B53-B5BEC4FD2376}.Release|Any CPU.Build.0 = Release|iPhone
		{2CF37E0B-3066-4870-8B53-B5BEC4FD2376}.Release|Any CPU.Deploy.0 = Release|iPhone
		{2CF37E0B-3066-4870-8B53-B5BEC4FD2376}.Release|ARM.ActiveCfg = Release|iPhone
		{2CF37E0B-3066-4870-8B53-B5BEC4FD2376}.Release|ARM.Build.0 = Release|iPhone
		{2CF37E0B-3066-4870-8B53-B5BEC4FD2376}.Release|ARM.Deploy.0 = Release|iPhone
		{2CF37E0B-3066-4870-8B53-B5BEC4FD2376}.Release|iPhone.ActiveCfg = Release|iPhone
		{2CF37E0B-3066-4870-8B53-B5BEC4FD2376}.Release|iPhone.Build.0 = Release|iPhone
		{2CF37E0B-3066-4870-8B53-B5BEC4FD2376}.Release|iPhone.Deploy.0 = Release|iPhone
		{2CF37E0B-3066-4870-8B53-B5BEC4FD2376}.Release|iPhoneSimulator.ActiveCfg = Release|iPhoneSimulator
		{2CF37E0B-3066-4870-8B53-B5BEC4FD2376}.Release|iPhoneSimulator.Build.0 = Release|iPhoneSimulator
		{2CF37E0B-3066-4870-8B53-B5BEC4FD2376}.Release|iPhoneSimulator.Deploy.0 = Release|iPhoneSimulator
		{2CF37E0B-3066-4870-8B53-B5BEC4FD2376}.Release|x64.ActiveCfg = Release|iPhone
		{2CF37E0B-3066-4870-8B53-B5BEC4FD2376}.Release|x64.Build.0 = Release|iPhone
		{2CF37E0B-3066-4870-8B53-B5BEC4FD2376}.Release|x64.Deploy.0 = Release|iPhone
		{2CF37E0B-3066-4870-8B53-B5BEC4FD2376}.Release|x86.ActiveCfg = Release|iPhone
		{2CF37E0B-3066-4870-8B53-B5BEC4FD2376}.Release|x86.Build.0 = Release|iPhone
		{2CF37E0B-3066-4870-8B53-B5BEC4FD2376}.Release|x86.Deploy.0 = Release|iPhone
		{D591DB8F-01BE-483D-9407-312E2F232758}.Debug|Any CPU.ActiveCfg = Debug|Any CPU
		{D591DB8F-01BE-483D-9407-312E2F232758}.Debug|Any CPU.Build.0 = Debug|Any CPU
		{D591DB8F-01BE-483D-9407-312E2F232758}.Debug|Any CPU.Deploy.0 = Debug|Any CPU
		{D591DB8F-01BE-483D-9407-312E2F232758}.Debug|ARM.ActiveCfg = Debug|Any CPU
		{D591DB8F-01BE-483D-9407-312E2F232758}.Debug|ARM.Build.0 = Debug|Any CPU
		{D591DB8F-01BE-483D-9407-312E2F232758}.Debug|ARM.Deploy.0 = Debug|Any CPU
		{D591DB8F-01BE-483D-9407-312E2F232758}.Debug|iPhone.ActiveCfg = Debug|Any CPU
		{D591DB8F-01BE-483D-9407-312E2F232758}.Debug|iPhone.Build.0 = Debug|Any CPU
		{D591DB8F-01BE-483D-9407-312E2F232758}.Debug|iPhone.Deploy.0 = Debug|Any CPU
		{D591DB8F-01BE-483D-9407-312E2F232758}.Debug|iPhoneSimulator.ActiveCfg = Debug|Any CPU
		{D591DB8F-01BE-483D-9407-312E2F232758}.Debug|iPhoneSimulator.Build.0 = Debug|Any CPU
		{D591DB8F-01BE-483D-9407-312E2F232758}.Debug|iPhoneSimulator.Deploy.0 = Debug|Any CPU
		{D591DB8F-01BE-483D-9407-312E2F232758}.Debug|x64.ActiveCfg = Debug|Any CPU
		{D591DB8F-01BE-483D-9407-312E2F232758}.Debug|x64.Build.0 = Debug|Any CPU
		{D591DB8F-01BE-483D-9407-312E2F232758}.Debug|x64.Deploy.0 = Debug|Any CPU
		{D591DB8F-01BE-483D-9407-312E2F232758}.Debug|x86.ActiveCfg = Debug|Any CPU
		{D591DB8F-01BE-483D-9407-312E2F232758}.Debug|x86.Build.0 = Debug|Any CPU
		{D591DB8F-01BE-483D-9407-312E2F232758}.Debug|x86.Deploy.0 = Debug|Any CPU
		{D591DB8F-01BE-483D-9407-312E2F232758}.Release|Any CPU.ActiveCfg = Release|Any CPU
		{D591DB8F-01BE-483D-9407-312E2F232758}.Release|Any CPU.Build.0 = Release|Any CPU
		{D591DB8F-01BE-483D-9407-312E2F232758}.Release|Any CPU.Deploy.0 = Release|Any CPU
		{D591DB8F-01BE-483D-9407-312E2F232758}.Release|ARM.ActiveCfg = Release|Any CPU
		{D591DB8F-01BE-483D-9407-312E2F232758}.Release|ARM.Build.0 = Release|Any CPU
		{D591DB8F-01BE-483D-9407-312E2F232758}.Release|ARM.Deploy.0 = Release|Any CPU
		{D591DB8F-01BE-483D-9407-312E2F232758}.Release|iPhone.ActiveCfg = Release|Any CPU
		{D591DB8F-01BE-483D-9407-312E2F232758}.Release|iPhone.Build.0 = Release|Any CPU
		{D591DB8F-01BE-483D-9407-312E2F232758}.Release|iPhone.Deploy.0 = Release|Any CPU
		{D591DB8F-01BE-483D-9407-312E2F232758}.Release|iPhoneSimulator.ActiveCfg = Release|Any CPU
		{D591DB8F-01BE-483D-9407-312E2F232758}.Release|iPhoneSimulator.Build.0 = Release|Any CPU
		{D591DB8F-01BE-483D-9407-312E2F232758}.Release|iPhoneSimulator.Deploy.0 = Release|Any CPU
		{D591DB8F-01BE-483D-9407-312E2F232758}.Release|x64.ActiveCfg = Release|Any CPU
		{D591DB8F-01BE-483D-9407-312E2F232758}.Release|x64.Build.0 = Release|Any CPU
		{D591DB8F-01BE-483D-9407-312E2F232758}.Release|x64.Deploy.0 = Release|Any CPU
		{D591DB8F-01BE-483D-9407-312E2F232758}.Release|x86.ActiveCfg = Release|Any CPU
		{D591DB8F-01BE-483D-9407-312E2F232758}.Release|x86.Build.0 = Release|Any CPU
		{D591DB8F-01BE-483D-9407-312E2F232758}.Release|x86.Deploy.0 = Release|Any CPU
	EndGlobalSection
	GlobalSection(SolutionProperties) = preSolution
		HideSolutionNode = FALSE
	EndGlobalSection
	GlobalSection(ExtensibilityGlobals) = postSolution
		SolutionGuid = {C64C3025-8398-4677-B998-FAABE8A7A7F8}
	EndGlobalSection
EndGlobal
